{
  "name": "arx-level-json-converter",
  "version": "1.0.4",
  "lockfileVersion": 2,
  "requires": true,
  "packages": {
    "": {
      "name": "arx-level-json-converter",
      "version": "1.0.4",
      "license": "GPL-3.0-or-later",
      "dependencies": {
        "minimist-lite": "^2.0.0",
        "ramda": "^0.27.1"
      },
      "bin": {
        "combine": "bin/combine.js",
        "from-json": "bin/from-json.js",
        "separate": "bin/separate.js",
        "to-json": "bin/to-json.js"
      }
    },
    "node_modules/minimist-lite": {
      "version": "2.0.0",
      "resolved": "https://registry.npmjs.org/minimist-lite/-/minimist-lite-2.0.0.tgz",
      "integrity": "sha512-CFCLKsA+khccQmiiYT3Rn+tWyHzTF00U1EzL+WcreAqx/4UScqW3Jl2/mWQnK+p/4VCt8ViZMnmoi7fFXZodGA=="
    },
    "node_modules/ramda": {
      "version": "0.27.1",
      "resolved": "https://registry.npmjs.org/ramda/-/ramda-0.27.1.tgz",
      "integrity": "sha512-PgIdVpn5y5Yns8vqb8FzBUEYn98V3xcPgawAkkgj0YJ0qDsnHCiNmZYfOGMgOvoB0eWFLpYbhxUR3mxfDIMvpw=="
    }
  },
  "dependencies": {
    "minimist-lite": {
      "version": "2.0.0",
      "resolved": "https://registry.npmjs.org/minimist-lite/-/minimist-lite-2.0.0.tgz",
      "integrity": "sha512-CFCLKsA+khccQmiiYT3Rn+tWyHzTF00U1EzL+WcreAqx/4UScqW3Jl2/mWQnK+p/4VCt8ViZMnmoi7fFXZodGA=="
    },
    "ramda": {
      "version": "0.27.1",
      "resolved": "https://registry.npmjs.org/ramda/-/ramda-0.27.1.tgz",
      "integrity": "sha512-PgIdVpn5y5Yns8vqb8FzBUEYn98V3xcPgawAkkgj0YJ0qDsnHCiNmZYfOGMgOvoB0eWFLpYbhxUR3mxfDIMvpw=="
    }
  }
}
